// !$*UTF8*$!
{
	archiveVersion = 1;
	classes = {
	};
	objectVersion = 46;
	objects = {

/* Begin PBXBuildFile section */
		2702B49C183C0F31004CA93F /* VASTMediaFile.m in Sources */ = {isa = PBXBuildFile; fileRef = 2702B48B183C0F31004CA93F /* VASTMediaFile.m */; };
		2702B49F183C0F31004CA93F /* VASTModel.m in Sources */ = {isa = PBXBuildFile; fileRef = 2702B48D183C0F31004CA93F /* VASTModel.m */; };
		2702B4A2183C0F31004CA93F /* VASTUrlWithId.m in Sources */ = {isa = PBXBuildFile; fileRef = 2702B48F183C0F31004CA93F /* VASTUrlWithId.m */; };
		2702B4A5183C0F31004CA93F /* VASTControls.m in Sources */ = {isa = PBXBuildFile; fileRef = 2702B491183C0F31004CA93F /* VASTControls.m */; };
		2702B4A8183C0F31004CA93F /* VASTEventProcessor.m in Sources */ = {isa = PBXBuildFile; fileRef = 2702B494183C0F31004CA93F /* VASTEventProcessor.m */; };
		2702B4AB183C0F31004CA93F /* VAST2Parser.m in Sources */ = {isa = PBXBuildFile; fileRef = 2702B496183C0F31004CA93F /* VAST2Parser.m */; };
		2702B4AE183C0F31004CA93F /* VASTViewController.m in Sources */ = {isa = PBXBuildFile; fileRef = 2702B498183C0F31004CA93F /* VASTViewController.m */; };
		2702B4B1183C0F31004CA93F /* VASTXMLUtil.m in Sources */ = {isa = PBXBuildFile; fileRef = 2702B49B183C0F31004CA93F /* VASTXMLUtil.m */; };
		271DFDD2183E9D7C00D038A4 /* MediaPlayer.framework in Frameworks */ = {isa = PBXBuildFile; fileRef = E2D08FBF17FB268C00EBF5B1 /* MediaPlayer.framework */; };
		272EBA03183C112B00BA2F0F /* VASTControlsView.xib in Resources */ = {isa = PBXBuildFile; fileRef = 272EB9FF183C112B00BA2F0F /* VASTControlsView.xib */; };
		27813289183D212500185C84 /* VASTMediaFilePicker.m in Sources */ = {isa = PBXBuildFile; fileRef = 27813288183D212500185C84 /* VASTMediaFilePicker.m */; };
		2781328A183D212500185C84 /* VASTMediaFilePicker.m in Sources */ = {isa = PBXBuildFile; fileRef = 27813288183D212500185C84 /* VASTMediaFilePicker.m */; };
		27982B69183D60DF0073C76D /* libVAST.a in Frameworks */ = {isa = PBXBuildFile; fileRef = E248E36717FA2A87003F4B8A /* libVAST.a */; };
		27CE3B4A183C209000AA96AA /* Foundation.framework in Frameworks */ = {isa = PBXBuildFile; fileRef = E248E36A17FA2A87003F4B8A /* Foundation.framework */; };
		27CE3B4B183C209000AA96AA /* UIKit.framework in Frameworks */ = {isa = PBXBuildFile; fileRef = E2A7776817FB22FC00E3D3FB /* UIKit.framework */; };
		27CE3B5E183C22B700AA96AA /* VAST_Tests.m in Sources */ = {isa = PBXBuildFile; fileRef = 2702B46D183C0C0F004CA93F /* VAST_Tests.m */; };
		27CE3B63183C237500AA96AA /* VASTMediaFile.m in Sources */ = {isa = PBXBuildFile; fileRef = 2702B48B183C0F31004CA93F /* VASTMediaFile.m */; };
		27CE3B64183C237500AA96AA /* VASTModel.m in Sources */ = {isa = PBXBuildFile; fileRef = 2702B48D183C0F31004CA93F /* VASTModel.m */; };
		27CE3B65183C237500AA96AA /* VASTUrlWithId.m in Sources */ = {isa = PBXBuildFile; fileRef = 2702B48F183C0F31004CA93F /* VASTUrlWithId.m */; };
		27CE3B66183C237500AA96AA /* VASTControls.m in Sources */ = {isa = PBXBuildFile; fileRef = 2702B491183C0F31004CA93F /* VASTControls.m */; };
		27CE3B67183C237500AA96AA /* VASTEventProcessor.m in Sources */ = {isa = PBXBuildFile; fileRef = 2702B494183C0F31004CA93F /* VASTEventProcessor.m */; };
		27CE3B68183C237500AA96AA /* VAST2Parser.m in Sources */ = {isa = PBXBuildFile; fileRef = 2702B496183C0F31004CA93F /* VAST2Parser.m */; };
		27CE3B69183C237500AA96AA /* VASTViewController.m in Sources */ = {isa = PBXBuildFile; fileRef = 2702B498183C0F31004CA93F /* VASTViewController.m */; };
		27CE3B6A183C237500AA96AA /* VASTXMLUtil.m in Sources */ = {isa = PBXBuildFile; fileRef = 2702B49B183C0F31004CA93F /* VASTXMLUtil.m */; };
		27CE3B6C183C240000AA96AA /* libSourceKitCommon.a in Frameworks */ = {isa = PBXBuildFile; fileRef = 27CE3B6B183C240000AA96AA /* libSourceKitCommon.a */; };
		E24303C4183AA2F500408EF4 /* CoreFoundation.framework in Frameworks */ = {isa = PBXBuildFile; fileRef = E2AA984B17FCC833006113B6 /* CoreFoundation.framework */; };
		E248E36B17FA2A87003F4B8A /* Foundation.framework in Frameworks */ = {isa = PBXBuildFile; fileRef = E248E36A17FA2A87003F4B8A /* Foundation.framework */; };
		E2A7776917FB22FC00E3D3FB /* UIKit.framework in Frameworks */ = {isa = PBXBuildFile; fileRef = E2A7776817FB22FC00E3D3FB /* UIKit.framework */; };
		E2AA985117FCC952006113B6 /* CoreFoundation.framework in Frameworks */ = {isa = PBXBuildFile; fileRef = E2AA984B17FCC833006113B6 /* CoreFoundation.framework */; };
		E2AA985217FCC958006113B6 /* SystemConfiguration.framework in Frameworks */ = {isa = PBXBuildFile; fileRef = E2AA984F17FCC855006113B6 /* SystemConfiguration.framework */; };
		E2D08FC017FB268C00EBF5B1 /* MediaPlayer.framework in Frameworks */ = {isa = PBXBuildFile; fileRef = E2D08FBF17FB268C00EBF5B1 /* MediaPlayer.framework */; };
/* End PBXBuildFile section */

/* Begin PBXContainerItemProxy section */
		27CE3B55183C209000AA96AA /* PBXContainerItemProxy */ = {
			isa = PBXContainerItemProxy;
			containerPortal = E248E35F17FA2A87003F4B8A /* Project object */;
			proxyType = 1;
			remoteGlobalIDString = E248E36617FA2A87003F4B8A;
			remoteInfo = VAST;
		};
		E2F41A921860FBF10028E857 /* PBXContainerItemProxy */ = {
			isa = PBXContainerItemProxy;
			containerPortal = E248E35F17FA2A87003F4B8A /* Project object */;
			proxyType = 1;
			remoteGlobalIDString = E24303C2183AA2F500408EF4;
			remoteInfo = VASTResources;
		};
/* End PBXContainerItemProxy section */

/* Begin PBXFileReference section */
		2702B469183C0C0F004CA93F /* VAST Tests-Info.plist */ = {isa = PBXFileReference; lastKnownFileType = text.plist.xml; path = "VAST Tests-Info.plist"; sourceTree = "<group>"; };
		2702B46D183C0C0F004CA93F /* VAST_Tests.m */ = {isa = PBXFileReference; lastKnownFileType = sourcecode.c.objc; path = VAST_Tests.m; sourceTree = "<group>"; };
		2702B46F183C0C0F004CA93F /* VAST Tests-Prefix.pch */ = {isa = PBXFileReference; lastKnownFileType = sourcecode.c.h; path = "VAST Tests-Prefix.pch"; sourceTree = "<group>"; };
		2702B48A183C0F31004CA93F /* VASTMediaFile.h */ = {isa = PBXFileReference; fileEncoding = 4; lastKnownFileType = sourcecode.c.h; path = VASTMediaFile.h; sourceTree = "<group>"; };
		2702B48B183C0F31004CA93F /* VASTMediaFile.m */ = {isa = PBXFileReference; fileEncoding = 4; lastKnownFileType = sourcecode.c.objc; path = VASTMediaFile.m; sourceTree = "<group>"; };
		2702B48C183C0F31004CA93F /* VASTModel.h */ = {isa = PBXFileReference; fileEncoding = 4; lastKnownFileType = sourcecode.c.h; path = VASTModel.h; sourceTree = "<group>"; };
		2702B48D183C0F31004CA93F /* VASTModel.m */ = {isa = PBXFileReference; fileEncoding = 4; lastKnownFileType = sourcecode.c.objc; path = VASTModel.m; sourceTree = "<group>"; };
		2702B48E183C0F31004CA93F /* VASTUrlWithId.h */ = {isa = PBXFileReference; fileEncoding = 4; lastKnownFileType = sourcecode.c.h; path = VASTUrlWithId.h; sourceTree = "<group>"; };
		2702B48F183C0F31004CA93F /* VASTUrlWithId.m */ = {isa = PBXFileReference; fileEncoding = 4; lastKnownFileType = sourcecode.c.objc; path = VASTUrlWithId.m; sourceTree = "<group>"; };
		2702B490183C0F31004CA93F /* VASTControls.h */ = {isa = PBXFileReference; fileEncoding = 4; lastKnownFileType = sourcecode.c.h; name = VASTControls.h; path = VAST/VASTControls.h; sourceTree = SOURCE_ROOT; };
		2702B491183C0F31004CA93F /* VASTControls.m */ = {isa = PBXFileReference; fileEncoding = 4; lastKnownFileType = sourcecode.c.objc; name = VASTControls.m; path = VAST/VASTControls.m; sourceTree = SOURCE_ROOT; };
		2702B492183C0F31004CA93F /* VASTError.h */ = {isa = PBXFileReference; fileEncoding = 4; lastKnownFileType = sourcecode.c.h; name = VASTError.h; path = VAST/VASTError.h; sourceTree = SOURCE_ROOT; };
		2702B493183C0F31004CA93F /* VASTEventProcessor.h */ = {isa = PBXFileReference; fileEncoding = 4; lastKnownFileType = sourcecode.c.h; name = VASTEventProcessor.h; path = VAST/VASTEventProcessor.h; sourceTree = SOURCE_ROOT; };
		2702B494183C0F31004CA93F /* VASTEventProcessor.m */ = {isa = PBXFileReference; fileEncoding = 4; lastKnownFileType = sourcecode.c.objc; name = VASTEventProcessor.m; path = VAST/VASTEventProcessor.m; sourceTree = SOURCE_ROOT; };
		2702B495183C0F31004CA93F /* VAST2Parser.h */ = {isa = PBXFileReference; fileEncoding = 4; lastKnownFileType = sourcecode.c.h; name = VAST2Parser.h; path = VAST/VAST2Parser.h; sourceTree = SOURCE_ROOT; };
		2702B496183C0F31004CA93F /* VAST2Parser.m */ = {isa = PBXFileReference; fileEncoding = 4; lastKnownFileType = sourcecode.c.objc; name = VAST2Parser.m; path = VAST/VAST2Parser.m; sourceTree = SOURCE_ROOT; };
		2702B497183C0F31004CA93F /* VASTViewController.h */ = {isa = PBXFileReference; fileEncoding = 4; lastKnownFileType = sourcecode.c.h; name = VASTViewController.h; path = VAST/VASTViewController.h; sourceTree = SOURCE_ROOT; };
		2702B498183C0F31004CA93F /* VASTViewController.m */ = {isa = PBXFileReference; fileEncoding = 4; lastKnownFileType = sourcecode.c.objc; name = VASTViewController.m; path = VAST/VASTViewController.m; sourceTree = SOURCE_ROOT; };
		2702B49A183C0F31004CA93F /* VASTXMLUtil.h */ = {isa = PBXFileReference; fileEncoding = 4; lastKnownFileType = sourcecode.c.h; name = VASTXMLUtil.h; path = VAST/VASTXMLUtil.h; sourceTree = SOURCE_ROOT; };
		2702B49B183C0F31004CA93F /* VASTXMLUtil.m */ = {isa = PBXFileReference; fileEncoding = 4; lastKnownFileType = sourcecode.c.objc; name = VASTXMLUtil.m; path = VAST/VASTXMLUtil.m; sourceTree = SOURCE_ROOT; };
		271DFDD8183EA07200D038A4 /* VASTSchema.h */ = {isa = PBXFileReference; fileEncoding = 4; lastKnownFileType = sourcecode.c.h; name = VASTSchema.h; path = VASTResources/VASTSchema.h; sourceTree = SOURCE_ROOT; };
		272EB9FF183C112B00BA2F0F /* VASTControlsView.xib */ = {isa = PBXFileReference; fileEncoding = 4; lastKnownFileType = file.xib; path = VASTControlsView.xib; sourceTree = "<group>"; };
		272EBA00183C112B00BA2F0F /* VASTResources-Info.plist */ = {isa = PBXFileReference; fileEncoding = 4; lastKnownFileType = text.plist.xml; path = "VASTResources-Info.plist"; sourceTree = "<group>"; };
		272EBA08183C119400BA2F0F /* SourceKitLogger.h */ = {isa = PBXFileReference; fileEncoding = 4; lastKnownFileType = sourcecode.c.h; name = SourceKitLogger.h; path = VAST/SourceKitLogger.h; sourceTree = SOURCE_ROOT; };
		27404FA6183EA6F200FE754E /* VAST.h */ = {isa = PBXFileReference; fileEncoding = 4; lastKnownFileType = sourcecode.c.h; name = VAST.h; path = VAST/VAST.h; sourceTree = SOURCE_ROOT; };
		27813287183D212500185C84 /* VASTMediaFilePicker.h */ = {isa = PBXFileReference; fileEncoding = 4; lastKnownFileType = sourcecode.c.h; name = VASTMediaFilePicker.h; path = VAST/VASTMediaFilePicker.h; sourceTree = SOURCE_ROOT; };
		27813288183D212500185C84 /* VASTMediaFilePicker.m */ = {isa = PBXFileReference; fileEncoding = 4; lastKnownFileType = sourcecode.c.objc; name = VASTMediaFilePicker.m; path = VAST/VASTMediaFilePicker.m; sourceTree = SOURCE_ROOT; };
		2781329C183D2AE100185C84 /* Reachability.h */ = {isa = PBXFileReference; fileEncoding = 4; lastKnownFileType = sourcecode.c.h; name = Reachability.h; path = VAST/Reachability.h; sourceTree = SOURCE_ROOT; };
		27CE3B48183C209000AA96AA /* VAST Tests.xctest */ = {isa = PBXFileReference; explicitFileType = wrapper.cfbundle; includeInIndex = 0; path = "VAST Tests.xctest"; sourceTree = BUILT_PRODUCTS_DIR; };
		27CE3B6B183C240000AA96AA /* libSourceKitCommon.a */ = {isa = PBXFileReference; lastKnownFileType = archive.ar; name = libSourceKitCommon.a; path = "../../../../../../../Library/Developer/Xcode/DerivedData/VASTDemo-ddgmpepqdrghpyfhxmxnvafxydyf/Build/Products/Debug-iphoneos/libSourceKitCommon.a"; sourceTree = "<group>"; };
		D6E80D3F180DCF4D00D45091 /* libxml2.dylib */ = {isa = PBXFileReference; lastKnownFileType = "compiled.mach-o.dylib"; name = libxml2.dylib; path = usr/lib/libxml2.dylib; sourceTree = SDKROOT; };
		E24303C3183AA2F500408EF4 /* VASTResources.bundle */ = {isa = PBXFileReference; explicitFileType = wrapper.cfbundle; includeInIndex = 0; path = VASTResources.bundle; sourceTree = BUILT_PRODUCTS_DIR; };
		E248E36717FA2A87003F4B8A /* libVAST.a */ = {isa = PBXFileReference; explicitFileType = archive.ar; includeInIndex = 0; path = libVAST.a; sourceTree = BUILT_PRODUCTS_DIR; };
		E248E36A17FA2A87003F4B8A /* Foundation.framework */ = {isa = PBXFileReference; lastKnownFileType = wrapper.framework; name = Foundation.framework; path = System/Library/Frameworks/Foundation.framework; sourceTree = SDKROOT; };
		E2A7776817FB22FC00E3D3FB /* UIKit.framework */ = {isa = PBXFileReference; lastKnownFileType = wrapper.framework; name = UIKit.framework; path = System/Library/Frameworks/UIKit.framework; sourceTree = SDKROOT; };
		E2AA984B17FCC833006113B6 /* CoreFoundation.framework */ = {isa = PBXFileReference; lastKnownFileType = wrapper.framework; name = CoreFoundation.framework; path = System/Library/Frameworks/CoreFoundation.framework; sourceTree = SDKROOT; };
		E2AA984F17FCC855006113B6 /* SystemConfiguration.framework */ = {isa = PBXFileReference; lastKnownFileType = wrapper.framework; name = SystemConfiguration.framework; path = System/Library/Frameworks/SystemConfiguration.framework; sourceTree = SDKROOT; };
		E2D08FBF17FB268C00EBF5B1 /* MediaPlayer.framework */ = {isa = PBXFileReference; lastKnownFileType = wrapper.framework; name = MediaPlayer.framework; path = System/Library/Frameworks/MediaPlayer.framework; sourceTree = SDKROOT; };
		E2F628BE183D043000B58D5D /* vast_2.0.1.xsd */ = {isa = PBXFileReference; fileEncoding = 4; lastKnownFileType = text.xml; path = vast_2.0.1.xsd; sourceTree = "<group>"; };
/* End PBXFileReference section */

/* Begin PBXFrameworksBuildPhase section */
		27CE3B45183C209000AA96AA /* Frameworks */ = {
			isa = PBXFrameworksBuildPhase;
			buildActionMask = 2147483647;
			files = (
				271DFDD2183E9D7C00D038A4 /* MediaPlayer.framework in Frameworks */,
				27982B69183D60DF0073C76D /* libVAST.a in Frameworks */,
				27CE3B6C183C240000AA96AA /* libSourceKitCommon.a in Frameworks */,
				27CE3B4B183C209000AA96AA /* UIKit.framework in Frameworks */,
				27CE3B4A183C209000AA96AA /* Foundation.framework in Frameworks */,
			);
			runOnlyForDeploymentPostprocessing = 0;
		};
		E24303C0183AA2F500408EF4 /* Frameworks */ = {
			isa = PBXFrameworksBuildPhase;
			buildActionMask = 2147483647;
			files = (
				E24303C4183AA2F500408EF4 /* CoreFoundation.framework in Frameworks */,
			);
			runOnlyForDeploymentPostprocessing = 0;
		};
		E248E36417FA2A87003F4B8A /* Frameworks */ = {
			isa = PBXFrameworksBuildPhase;
			buildActionMask = 2147483647;
			files = (
				E2AA985217FCC958006113B6 /* SystemConfiguration.framework in Frameworks */,
				E2AA985117FCC952006113B6 /* CoreFoundation.framework in Frameworks */,
				E2D08FC017FB268C00EBF5B1 /* MediaPlayer.framework in Frameworks */,
				E2A7776917FB22FC00E3D3FB /* UIKit.framework in Frameworks */,
				E248E36B17FA2A87003F4B8A /* Foundation.framework in Frameworks */,
			);
			runOnlyForDeploymentPostprocessing = 0;
		};
/* End PBXFrameworksBuildPhase section */

/* Begin PBXGroup section */
		2702B467183C0C0F004CA93F /* VAST Tests */ = {
			isa = PBXGroup;
			children = (
				2702B46D183C0C0F004CA93F /* VAST_Tests.m */,
				2702B468183C0C0F004CA93F /* Supporting Files */,
			);
			path = "VAST Tests";
			sourceTree = "<group>";
		};
		2702B468183C0C0F004CA93F /* Supporting Files */ = {
			isa = PBXGroup;
			children = (
				2702B469183C0C0F004CA93F /* VAST Tests-Info.plist */,
				2702B46F183C0C0F004CA93F /* VAST Tests-Prefix.pch */,
			);
			name = "Supporting Files";
			sourceTree = "<group>";
		};
		2702B488183C0F31004CA93F /* model */ = {
			isa = PBXGroup;
			children = (
				2702B48A183C0F31004CA93F /* VASTMediaFile.h */,
				2702B48B183C0F31004CA93F /* VASTMediaFile.m */,
				2702B48C183C0F31004CA93F /* VASTModel.h */,
				2702B48D183C0F31004CA93F /* VASTModel.m */,
				2702B48E183C0F31004CA93F /* VASTUrlWithId.h */,
				2702B48F183C0F31004CA93F /* VASTUrlWithId.m */,
			);
			name = model;
			path = VAST/model;
			sourceTree = SOURCE_ROOT;
		};
		272EB9FC183C112B00BA2F0F /* VASTResources */ = {
			isa = PBXGroup;
			children = (
				E2F628BE183D043000B58D5D /* vast_2.0.1.xsd */,
				272EB9FF183C112B00BA2F0F /* VASTControlsView.xib */,
				272EBA00183C112B00BA2F0F /* VASTResources-Info.plist */,
			);
			path = VASTResources;
			sourceTree = "<group>";
		};
		E248E35E17FA2A87003F4B8A = {
			isa = PBXGroup;
			children = (
				E248E36C17FA2A87003F4B8A /* VAST */,
				272EB9FC183C112B00BA2F0F /* VASTResources */,
				2702B467183C0C0F004CA93F /* VAST Tests */,
				E248E36917FA2A87003F4B8A /* Frameworks */,
				E248E36817FA2A87003F4B8A /* Products */,
			);
			sourceTree = "<group>";
		};
		E248E36817FA2A87003F4B8A /* Products */ = {
			isa = PBXGroup;
			children = (
				E248E36717FA2A87003F4B8A /* libVAST.a */,
				E24303C3183AA2F500408EF4 /* VASTResources.bundle */,
				27CE3B48183C209000AA96AA /* VAST Tests.xctest */,
			);
			name = Products;
			sourceTree = "<group>";
		};
		E248E36917FA2A87003F4B8A /* Frameworks */ = {
			isa = PBXGroup;
			children = (
				27CE3B6B183C240000AA96AA /* libSourceKitCommon.a */,
				D6E80D3F180DCF4D00D45091 /* libxml2.dylib */,
				E2AA984F17FCC855006113B6 /* SystemConfiguration.framework */,
				E2AA984B17FCC833006113B6 /* CoreFoundation.framework */,
				E2D08FBF17FB268C00EBF5B1 /* MediaPlayer.framework */,
				E2A7776817FB22FC00E3D3FB /* UIKit.framework */,
				E248E36A17FA2A87003F4B8A /* Foundation.framework */,
			);
			name = Frameworks;
			sourceTree = "<group>";
		};
		E248E36C17FA2A87003F4B8A /* VAST */ = {
			isa = PBXGroup;
			children = (
				27404FA6183EA6F200FE754E /* VAST.h */,
				271DFDD8183EA07200D038A4 /* VASTSchema.h */,
				2781329C183D2AE100185C84 /* Reachability.h */,
				272EBA08183C119400BA2F0F /* SourceKitLogger.h */,
				2702B488183C0F31004CA93F /* model */,
				2702B490183C0F31004CA93F /* VASTControls.h */,
				2702B491183C0F31004CA93F /* VASTControls.m */,
				2702B492183C0F31004CA93F /* VASTError.h */,
				2702B493183C0F31004CA93F /* VASTEventProcessor.h */,
				2702B494183C0F31004CA93F /* VASTEventProcessor.m */,
				2702B495183C0F31004CA93F /* VAST2Parser.h */,
				2702B496183C0F31004CA93F /* VAST2Parser.m */,
				2702B497183C0F31004CA93F /* VASTViewController.h */,
				2702B498183C0F31004CA93F /* VASTViewController.m */,
				2702B49A183C0F31004CA93F /* VASTXMLUtil.h */,
				2702B49B183C0F31004CA93F /* VASTXMLUtil.m */,
				27813287183D212500185C84 /* VASTMediaFilePicker.h */,
				27813288183D212500185C84 /* VASTMediaFilePicker.m */,
			);
			name = VAST;
			path = "mmk-vast-ios";
			sourceTree = "<group>";
		};
/* End PBXGroup section */

/* Begin PBXNativeTarget section */
		27CE3B47183C209000AA96AA /* VAST Tests */ = {
			isa = PBXNativeTarget;
			buildConfigurationList = 27CE3B59183C209000AA96AA /* Build configuration list for PBXNativeTarget "VAST Tests" */;
			buildPhases = (
				27CE3B44183C209000AA96AA /* Sources */,
				27CE3B45183C209000AA96AA /* Frameworks */,
				27982B6A183D60EE0073C76D /* Resources */,
			);
			buildRules = (
			);
			dependencies = (
				27CE3B56183C209000AA96AA /* PBXTargetDependency */,
			);
			name = "VAST Tests";
			productName = "VAST Tests";
			productReference = 27CE3B48183C209000AA96AA /* VAST Tests.xctest */;
			productType = "com.apple.product-type.bundle.unit-test";
		};
		E24303C2183AA2F500408EF4 /* VASTResources */ = {
			isa = PBXNativeTarget;
			buildConfigurationList = E24303CC183AA2F500408EF4 /* Build configuration list for PBXNativeTarget "VASTResources" */;
			buildPhases = (
				E24303C0183AA2F500408EF4 /* Frameworks */,
				E24303C1183AA2F500408EF4 /* Resources */,
			);
			buildRules = (
			);
			dependencies = (
			);
			name = VASTResources;
			productName = VASTResources;
			productReference = E24303C3183AA2F500408EF4 /* VASTResources.bundle */;
			productType = "com.apple.product-type.bundle";
		};
		E248E36617FA2A87003F4B8A /* VAST */ = {
			isa = PBXNativeTarget;
			buildConfigurationList = E248E38A17FA2A87003F4B8A /* Build configuration list for PBXNativeTarget "VAST" */;
			buildPhases = (
				E248E36317FA2A87003F4B8A /* Sources */,
				E248E36417FA2A87003F4B8A /* Frameworks */,
			);
			buildRules = (
			);
			dependencies = (
				E2F41A931860FBF10028E857 /* PBXTargetDependency */,
			);
			name = VAST;
			productName = "mmk-vast-ios";
			productReference = E248E36717FA2A87003F4B8A /* libVAST.a */;
			productType = "com.apple.product-type.library.static";
		};
/* End PBXNativeTarget section */

/* Begin PBXProject section */
		E248E35F17FA2A87003F4B8A /* Project object */ = {
			isa = PBXProject;
			attributes = {
				LastUpgradeCheck = 0500;
				ORGANIZATIONNAME = Nexage;
				TargetAttributes = {
					27CE3B47183C209000AA96AA = {
						TestTargetID = E248E36617FA2A87003F4B8A;
					};
				};
			};
			buildConfigurationList = E248E36217FA2A87003F4B8A /* Build configuration list for PBXProject "VAST" */;
			compatibilityVersion = "Xcode 3.2";
			developmentRegion = English;
			hasScannedForEncodings = 0;
			knownRegions = (
				en,
			);
			mainGroup = E248E35E17FA2A87003F4B8A;
			productRefGroup = E248E36817FA2A87003F4B8A /* Products */;
			projectDirPath = "";
			projectRoot = "";
			targets = (
				E248E36617FA2A87003F4B8A /* VAST */,
				E24303C2183AA2F500408EF4 /* VASTResources */,
				27CE3B47183C209000AA96AA /* VAST Tests */,
			);
		};
/* End PBXProject section */

/* Begin PBXResourcesBuildPhase section */
		27982B6A183D60EE0073C76D /* Resources */ = {
			isa = PBXResourcesBuildPhase;
			buildActionMask = 2147483647;
			files = (
			);
			runOnlyForDeploymentPostprocessing = 0;
		};
		E24303C1183AA2F500408EF4 /* Resources */ = {
			isa = PBXResourcesBuildPhase;
			buildActionMask = 2147483647;
			files = (
				272EBA03183C112B00BA2F0F /* VASTControlsView.xib in Resources */,
			);
			runOnlyForDeploymentPostprocessing = 0;
		};
/* End PBXResourcesBuildPhase section */

/* Begin PBXSourcesBuildPhase section */
		27CE3B44183C209000AA96AA /* Sources */ = {
			isa = PBXSourcesBuildPhase;
			buildActionMask = 2147483647;
			files = (
				27CE3B63183C237500AA96AA /* VASTMediaFile.m in Sources */,
				27CE3B64183C237500AA96AA /* VASTModel.m in Sources */,
				2781328A183D212500185C84 /* VASTMediaFilePicker.m in Sources */,
				27CE3B65183C237500AA96AA /* VASTUrlWithId.m in Sources */,
				27CE3B66183C237500AA96AA /* VASTControls.m in Sources */,
				27CE3B67183C237500AA96AA /* VASTEventProcessor.m in Sources */,
				27CE3B68183C237500AA96AA /* VAST2Parser.m in Sources */,
				27CE3B69183C237500AA96AA /* VASTViewController.m in Sources */,
				27CE3B6A183C237500AA96AA /* VASTXMLUtil.m in Sources */,
				27CE3B5E183C22B700AA96AA /* VAST_Tests.m in Sources */,
			);
			runOnlyForDeploymentPostprocessing = 0;
		};
		E248E36317FA2A87003F4B8A /* Sources */ = {
			isa = PBXSourcesBuildPhase;
			buildActionMask = 2147483647;
			files = (
				2702B4AB183C0F31004CA93F /* VAST2Parser.m in Sources */,
				2702B4A2183C0F31004CA93F /* VASTUrlWithId.m in Sources */,
				2702B49C183C0F31004CA93F /* VASTMediaFile.m in Sources */,
				2702B4B1183C0F31004CA93F /* VASTXMLUtil.m in Sources */,
				2702B4AE183C0F31004CA93F /* VASTViewController.m in Sources */,
				2702B4A8183C0F31004CA93F /* VASTEventProcessor.m in Sources */,
				27813289183D212500185C84 /* VASTMediaFilePicker.m in Sources */,
				2702B49F183C0F31004CA93F /* VASTModel.m in Sources */,
				2702B4A5183C0F31004CA93F /* VASTControls.m in Sources */,
			);
			runOnlyForDeploymentPostprocessing = 0;
		};
/* End PBXSourcesBuildPhase section */

/* Begin PBXTargetDependency section */
		27CE3B56183C209000AA96AA /* PBXTargetDependency */ = {
			isa = PBXTargetDependency;
			target = E248E36617FA2A87003F4B8A /* VAST */;
			targetProxy = 27CE3B55183C209000AA96AA /* PBXContainerItemProxy */;
		};
		E2F41A931860FBF10028E857 /* PBXTargetDependency */ = {
			isa = PBXTargetDependency;
			target = E24303C2183AA2F500408EF4 /* VASTResources */;
			targetProxy = E2F41A921860FBF10028E857 /* PBXContainerItemProxy */;
		};
/* End PBXTargetDependency section */

/* Begin XCBuildConfiguration section */
		27CE3B57183C209000AA96AA /* Debug */ = {
			isa = XCBuildConfiguration;
			buildSettings = {
				FRAMEWORK_SEARCH_PATHS = (
					"$(SDKROOT)/Developer/Library/Frameworks",
					"$(inherited)",
					"$(DEVELOPER_FRAMEWORKS_DIR)",
				);
				GCC_PRECOMPILE_PREFIX_HEADER = YES;
				GCC_PREFIX_HEADER = "VAST Tests/VAST Tests-Prefix.pch";
				GCC_PREPROCESSOR_DEFINITIONS = (
					"DEBUG=1",
					"$(inherited)",
				);
				HEADER_SEARCH_PATHS = (
					"$(inherited)",
					/Applications/Xcode.app/Contents/Developer/Toolchains/XcodeDefault.xctoolchain/usr/include,
					/usr/include/libxml2,
				);
				INFOPLIST_FILE = "VAST Tests/VAST Tests-Info.plist";
				OTHER_LDFLAGS = (
					"$(inherited)",
					"-framework",
					XCTest,
					"-lxml2",
				);
				PRODUCT_NAME = "$(TARGET_NAME)";
				WRAPPER_EXTENSION = xctest;
			};
			name = Debug;
		};
		27CE3B58183C209000AA96AA /* Release */ = {
			isa = XCBuildConfiguration;
			buildSettings = {
				FRAMEWORK_SEARCH_PATHS = (
					"$(SDKROOT)/Developer/Library/Frameworks",
					"$(inherited)",
					"$(DEVELOPER_FRAMEWORKS_DIR)",
				);
				GCC_PRECOMPILE_PREFIX_HEADER = YES;
				GCC_PREFIX_HEADER = "VAST Tests/VAST Tests-Prefix.pch";
				HEADER_SEARCH_PATHS = (
					"$(inherited)",
					/Applications/Xcode.app/Contents/Developer/Toolchains/XcodeDefault.xctoolchain/usr/include,
					/usr/include/libxml2,
				);
				INFOPLIST_FILE = "VAST Tests/VAST Tests-Info.plist";
				OTHER_LDFLAGS = (
					"$(inherited)",
					"-framework",
					XCTest,
					"-lxml2",
				);
				PRODUCT_NAME = "$(TARGET_NAME)";
				WRAPPER_EXTENSION = xctest;
			};
			name = Release;
		};
		E24303CD183AA2F500408EF4 /* Debug */ = {
			isa = XCBuildConfiguration;
			buildSettings = {
				COMBINE_HIDPI_IMAGES = YES;
				GCC_ENABLE_OBJC_EXCEPTIONS = YES;
				GCC_PRECOMPILE_PREFIX_HEADER = YES;
				GCC_PREPROCESSOR_DEFINITIONS = (
					"DEBUG=1",
					"$(inherited)",
				);
				INFOPLIST_FILE = "VASTResources/VASTResources-Info.plist";
				INSTALL_PATH = "$(LOCAL_LIBRARY_DIR)/Bundles";
				MACOSX_DEPLOYMENT_TARGET = 10.8;
				PRODUCT_NAME = "$(TARGET_NAME)";
				WRAPPER_EXTENSION = bundle;
			};
			name = Debug;
		};
		E24303CE183AA2F500408EF4 /* Release */ = {
			isa = XCBuildConfiguration;
			buildSettings = {
				COMBINE_HIDPI_IMAGES = YES;
				DEBUG_INFORMATION_FORMAT = "dwarf-with-dsym";
				GCC_ENABLE_OBJC_EXCEPTIONS = YES;
				GCC_PRECOMPILE_PREFIX_HEADER = YES;
				INFOPLIST_FILE = "VASTResources/VASTResources-Info.plist";
				INSTALL_PATH = "$(LOCAL_LIBRARY_DIR)/Bundles";
				MACOSX_DEPLOYMENT_TARGET = 10.8;
				PRODUCT_NAME = "$(TARGET_NAME)";
				WRAPPER_EXTENSION = bundle;
			};
			name = Release;
		};
		E248E38817FA2A87003F4B8A /* Debug */ = {
			isa = XCBuildConfiguration;
			buildSettings = {
				ALWAYS_SEARCH_USER_PATHS = NO;
				ARCHS = "$(ARCHS_STANDARD)";
				CLANG_CXX_LANGUAGE_STANDARD = "gnu++0x";
				CLANG_CXX_LIBRARY = "libc++";
				CLANG_ENABLE_MODULES = YES;
				CLANG_ENABLE_OBJC_ARC = YES;
				CLANG_WARN_BOOL_CONVERSION = YES;
				CLANG_WARN_CONSTANT_CONVERSION = YES;
				CLANG_WARN_DIRECT_OBJC_ISA_USAGE = YES_ERROR;
				CLANG_WARN_EMPTY_BODY = YES;
				CLANG_WARN_ENUM_CONVERSION = YES;
				CLANG_WARN_INT_CONVERSION = YES;
				CLANG_WARN_OBJC_ROOT_CLASS = YES_ERROR;
				CLANG_WARN__DUPLICATE_METHOD_MATCH = YES;
				COPY_PHASE_STRIP = NO;
				GCC_C_LANGUAGE_STANDARD = gnu99;
				GCC_DYNAMIC_NO_PIC = NO;
				GCC_OPTIMIZATION_LEVEL = 0;
				GCC_PREPROCESSOR_DEFINITIONS = (
					"DEBUG=1",
					"$(inherited)",
				);
				GCC_SYMBOLS_PRIVATE_EXTERN = NO;
				GCC_WARN_64_TO_32_BIT_CONVERSION = YES;
				GCC_WARN_ABOUT_RETURN_TYPE = YES_ERROR;
				GCC_WARN_UNDECLARED_SELECTOR = YES;
				GCC_WARN_UNINITIALIZED_AUTOS = YES;
				GCC_WARN_UNUSED_FUNCTION = YES;
				GCC_WARN_UNUSED_VARIABLE = YES;
				IPHONEOS_DEPLOYMENT_TARGET = 4.3;
				ONLY_ACTIVE_ARCH = YES;
				PRODUCT_NAME = VAST;
				PUBLIC_HEADERS_FOLDER_PATH = Headers;
				SDKROOT = iphoneos;
			};
			name = Debug;
		};
		E248E38917FA2A87003F4B8A /* Release */ = {
			isa = XCBuildConfiguration;
			buildSettings = {
				ALWAYS_SEARCH_USER_PATHS = NO;
				ARCHS = "$(ARCHS_STANDARD)";
				CLANG_CXX_LANGUAGE_STANDARD = "gnu++0x";
				CLANG_CXX_LIBRARY = "libc++";
				CLANG_ENABLE_MODULES = YES;
				CLANG_ENABLE_OBJC_ARC = YES;
				CLANG_WARN_BOOL_CONVERSION = YES;
				CLANG_WARN_CONSTANT_CONVERSION = YES;
				CLANG_WARN_DIRECT_OBJC_ISA_USAGE = YES_ERROR;
				CLANG_WARN_EMPTY_BODY = YES;
				CLANG_WARN_ENUM_CONVERSION = YES;
				CLANG_WARN_INT_CONVERSION = YES;
				CLANG_WARN_OBJC_ROOT_CLASS = YES_ERROR;
				CLANG_WARN__DUPLICATE_METHOD_MATCH = YES;
				COPY_PHASE_STRIP = YES;
				ENABLE_NS_ASSERTIONS = NO;
				GCC_C_LANGUAGE_STANDARD = gnu99;
				GCC_WARN_64_TO_32_BIT_CONVERSION = YES;
				GCC_WARN_ABOUT_RETURN_TYPE = YES_ERROR;
				GCC_WARN_UNDECLARED_SELECTOR = YES;
				GCC_WARN_UNINITIALIZED_AUTOS = YES;
				GCC_WARN_UNUSED_FUNCTION = YES;
				GCC_WARN_UNUSED_VARIABLE = YES;
				IPHONEOS_DEPLOYMENT_TARGET = 4.3;
				PRODUCT_NAME = VAST;
				PUBLIC_HEADERS_FOLDER_PATH = Headers;
				SDKROOT = iphoneos;
				VALIDATE_PRODUCT = YES;
			};
			name = Release;
		};
		E248E38B17FA2A87003F4B8A /* Debug */ = {
			isa = XCBuildConfiguration;
			buildSettings = {
				DSTROOT = /tmp/VAST.dst;
				HEADER_SEARCH_PATHS = (
					"$(inherited)",
					"$(SDKROOT)/usr/include/libxml2",
				);
				OTHER_LDFLAGS = "-ObjC";
				PRODUCT_NAME = VAST;
				SKIP_INSTALL = YES;
			};
			name = Debug;
		};
		E248E38C17FA2A87003F4B8A /* Release */ = {
			isa = XCBuildConfiguration;
			buildSettings = {
				DSTROOT = /tmp/VAST.dst;
				HEADER_SEARCH_PATHS = (
					"$(inherited)",
					"$(SDKROOT)/usr/include/libxml2",
				);
				OTHER_LDFLAGS = "-ObjC";
				PRODUCT_NAME = VAST;
				SKIP_INSTALL = YES;
			};
			name = Release;
		};
/* End XCBuildConfiguration section */

/* Begin XCConfigurationList section */
		27CE3B59183C209000AA96AA /* Build configuration list for PBXNativeTarget "VAST Tests" */ = {
			isa = XCConfigurationList;
			buildConfigurations = (
				27CE3B57183C209000AA96AA /* Debug */,
				27CE3B58183C209000AA96AA /* Release */,
			);
			defaultConfigurationIsVisible = 0;
			defaultConfigurationName = Release;
		};
		E24303CC183AA2F500408EF4 /* Build configuration list for PBXNativeTarget "VASTResources" */ = {
			isa = XCConfigurationList;
			buildConfigurations = (
				E24303CD183AA2F500408EF4 /* Debug */,
				E24303CE183AA2F500408EF4 /* Release */,
			);
			defaultConfigurationIsVisible = 0;
			defaultConfigurationName = Release;
		};
		E248E36217FA2A87003F4B8A /* Build configuration list for PBXProject "VAST" */ = {
			isa = XCConfigurationList;
			buildConfigurations = (
				E248E38817FA2A87003F4B8A /* Debug */,
				E248E38917FA2A87003F4B8A /* Release */,
			);
			defaultConfigurationIsVisible = 0;
			defaultConfigurationName = Release;
		};
		E248E38A17FA2A87003F4B8A /* Build configuration list for PBXNativeTarget "VAST" */ = {
			isa = XCConfigurationList;
			buildConfigurations = (
				E248E38B17FA2A87003F4B8A /* Debug */,
				E248E38C17FA2A87003F4B8A /* Release */,
			);
			defaultConfigurationIsVisible = 0;
			defaultConfigurationName = Release;
		};
/* End XCConfigurationList section */
	};
	rootObject = E248E35F17FA2A87003F4B8A /* Project object */;
}
